
Microsoft Visual Studio Solution File, Format Version 12.00
# Visual Studio Version 17
VisualStudioVersion = 17.10.35013.160
MinimumVisualStudioVersion = 10.0.40219.1
Project("{FAE04EC0-301F-11D3-BF4B-00C04F79EFBC}") = "ReservationSystem", "ReservationSystem\ReservationSystem.csproj", "{6122513E-5743-4206-9ED3-8DC05BDED555}"
EndProject
Global
	GlobalSection(SolutionConfigurationPlatforms) = preSolution
		Debug|Any CPU = Debug|Any CPU
		Release|Any CPU = Release|Any CPU
	EndGlobalSection
	GlobalSection(ProjectConfigurationPlatforms) = postSolution
		{6122513E-5743-4206-9ED3-8DC05BDED555}.Debug|Any CPU.ActiveCfg = Debug|Any CPU
		{6122513E-5743-4206-9ED3-8DC05BDED555}.Debug|Any CPU.Build.0 = Debug|Any CPU
		{6122513E-5743-4206-9ED3-8DC05BDED555}.Release|Any CPU.ActiveCfg = Release|Any CPU
		{6122513E-5743-4206-9ED3-8DC05BDED555}.Release|Any CPU.Build.0 = Release|Any CPU
	EndGlobalSection
	GlobalSection(SolutionProperties) = preSolution
		HideSolutionNode = FALSE
	EndGlobalSection
	GlobalSection(ExtensibilityGlobals) = postSolution
		SolutionGuid = {3080110B-C0DB-4E25-90D7-0E3F2AF042F5}
	EndGlobalSection
EndGlobal
