
Microsoft Visual Studio Solution File, Format Version 12.00
# Visual Studio Version 17
VisualStudioVersion = 17.10.35013.160
MinimumVisualStudioVersion = 10.0.40219.1
Project("{FAE04EC0-301F-11D3-BF4B-00C04F79EFBC}") = "ToDoList", "ToDoList\ToDoList.csproj", "{CB69228D-B95A-4051-B7C5-3722F39715AE}"
EndProject
Project("{FAE04EC0-301F-11D3-BF4B-00C04F79EFBC}") = "ReservationSystem", "ReservationSystem\ReservationSystem.csproj", "{CD52D377-C010-4A9E-A1DA-548CBA532C97}"
EndProject
Global
	GlobalSection(SolutionConfigurationPlatforms) = preSolution
		Debug|Any CPU = Debug|Any CPU
		Release|Any CPU = Release|Any CPU
	EndGlobalSection
	GlobalSection(ProjectConfigurationPlatforms) = postSolution
		{CB69228D-B95A-4051-B7C5-3722F39715AE}.Debug|Any CPU.ActiveCfg = Debug|Any CPU
		{CB69228D-B95A-4051-B7C5-3722F39715AE}.Debug|Any CPU.Build.0 = Debug|Any CPU
		{CB69228D-B95A-4051-B7C5-3722F39715AE}.Release|Any CPU.ActiveCfg = Release|Any CPU
		{CB69228D-B95A-4051-B7C5-3722F39715AE}.Release|Any CPU.Build.0 = Release|Any CPU
		{CD52D377-C010-4A9E-A1DA-548CBA532C97}.Debug|Any CPU.ActiveCfg = Debug|Any CPU
		{CD52D377-C010-4A9E-A1DA-548CBA532C97}.Debug|Any CPU.Build.0 = Debug|Any CPU
		{CD52D377-C010-4A9E-A1DA-548CBA532C97}.Release|Any CPU.ActiveCfg = Release|Any CPU
		{CD52D377-C010-4A9E-A1DA-548CBA532C97}.Release|Any CPU.Build.0 = Release|Any CPU
	EndGlobalSection
	GlobalSection(SolutionProperties) = preSolution
		HideSolutionNode = FALSE
	EndGlobalSection
	GlobalSection(ExtensibilityGlobals) = postSolution
		SolutionGuid = {C7EDEB6B-3A3F-4075-A0B6-75440B5C3637}
	EndGlobalSection
EndGlobal
